// !$*UTF8*$!
{
	archiveVersion = 1;
	classes = {
	};
	objectVersion = 46;
	objects = {

/* Begin PBXBuildFile section */
		D22AAE2A17C5B1CF0011A53C /* NSObject+SBJSON.m in Sources */ = {isa = PBXBuildFile; fileRef = D22AAE1F17C5B1CF0011A53C /* NSObject+SBJSON.m */; };
		D22AAE2B17C5B1CF0011A53C /* NSString+SBJSON.m in Sources */ = {isa = PBXBuildFile; fileRef = D22AAE2117C5B1CF0011A53C /* NSString+SBJSON.m */; };
		D22AAE2C17C5B1CF0011A53C /* SBJSON.m in Sources */ = {isa = PBXBuildFile; fileRef = D22AAE2317C5B1CF0011A53C /* SBJSON.m */; };
		D22AAE2D17C5B1CF0011A53C /* SBJsonBase.m in Sources */ = {isa = PBXBuildFile; fileRef = D22AAE2517C5B1CF0011A53C /* SBJsonBase.m */; };
		D22AAE2E17C5B1CF0011A53C /* SBJsonParser.m in Sources */ = {isa = PBXBuildFile; fileRef = D22AAE2717C5B1CF0011A53C /* SBJsonParser.m */; };
		D22AAE2F17C5B1CF0011A53C /* SBJsonWriter.m in Sources */ = {isa = PBXBuildFile; fileRef = D22AAE2917C5B1CF0011A53C /* SBJsonWriter.m */; };
		D22AAE3517C5B5570011A53C /* HttpRequest.m in Sources */ = {isa = PBXBuildFile; fileRef = D22AAE3417C5B5570011A53C /* HttpRequest.m */; };
		D22AAE3917C5DE7D0011A53C /* WebServiceClient.m in Sources */ = {isa = PBXBuildFile; fileRef = D22AAE3817C5DE7D0011A53C /* WebServiceClient.m */; };
		D2315682177C662900AED1C4 /* DetailViewController.m in Sources */ = {isa = PBXBuildFile; fileRef = D2315681177C662900AED1C4 /* DetailViewController.m */; };
		D2315689177C680100AED1C4 /* ListTableViewController.m in Sources */ = {isa = PBXBuildFile; fileRef = D2315688177C680100AED1C4 /* ListTableViewController.m */; };
		D2360D051822A1C6000968BA /* btnDivision07.PNG in Resources */ = {isa = PBXBuildFile; fileRef = D2360CFF1822A1C6000968BA /* btnDivision07.PNG */; };
		D2360D061822A1C6000968BA /* btnDivision07@2x.PNG in Resources */ = {isa = PBXBuildFile; fileRef = D2360D001822A1C6000968BA /* btnDivision07@2x.PNG */; };
		D2360D071822A1C6000968BA /* btnDivision08.PNG in Resources */ = {isa = PBXBuildFile; fileRef = D2360D011822A1C6000968BA /* btnDivision08.PNG */; };
		D2360D081822A1C6000968BA /* btnDivision08@2x.PNG in Resources */ = {isa = PBXBuildFile; fileRef = D2360D021822A1C6000968BA /* btnDivision08@2x.PNG */; };
		D2360D091822A1C6000968BA /* btnDivision09.PNG in Resources */ = {isa = PBXBuildFile; fileRef = D2360D031822A1C6000968BA /* btnDivision09.PNG */; };
		D2360D0A1822A1C6000968BA /* btnDivision09@2x.PNG in Resources */ = {isa = PBXBuildFile; fileRef = D2360D041822A1C6000968BA /* btnDivision09@2x.PNG */; };
		D26CF619176ACD04000F90F1 /* UIKit.framework in Frameworks */ = {isa = PBXBuildFile; fileRef = D26CF618176ACD04000F90F1 /* UIKit.framework */; };
		D26CF61B176ACD04000F90F1 /* Foundation.framework in Frameworks */ = {isa = PBXBuildFile; fileRef = D26CF61A176ACD04000F90F1 /* Foundation.framework */; };
		D26CF61D176ACD04000F90F1 /* CoreGraphics.framework in Frameworks */ = {isa = PBXBuildFile; fileRef = D26CF61C176ACD04000F90F1 /* CoreGraphics.framework */; };
		D26CF61F176ACD04000F90F1 /* CoreData.framework in Frameworks */ = {isa = PBXBuildFile; fileRef = D26CF61E176ACD04000F90F1 /* CoreData.framework */; };
		D26CF625176ACD04000F90F1 /* InfoPlist.strings in Resources */ = {isa = PBXBuildFile; fileRef = D26CF623176ACD04000F90F1 /* InfoPlist.strings */; };
		D26CF627176ACD04000F90F1 /* main.m in Sources */ = {isa = PBXBuildFile; fileRef = D26CF626176ACD04000F90F1 /* main.m */; };
		D26CF62B176ACD04000F90F1 /* AppDelegate.m in Sources */ = {isa = PBXBuildFile; fileRef = D26CF62A176ACD04000F90F1 /* AppDelegate.m */; };
		D26CF62D176ACD04000F90F1 /* Default.png in Resources */ = {isa = PBXBuildFile; fileRef = D26CF62C176ACD04000F90F1 /* Default.png */; };
		D26CF62F176ACD04000F90F1 /* Default@2x.png in Resources */ = {isa = PBXBuildFile; fileRef = D26CF62E176ACD04000F90F1 /* Default@2x.png */; };
		D26CF631176ACD04000F90F1 /* Default-568h@2x.png in Resources */ = {isa = PBXBuildFile; fileRef = D26CF630176ACD04000F90F1 /* Default-568h@2x.png */; };
		D26CF634176ACD04000F90F1 /* MyApp01.xcdatamodeld in Sources */ = {isa = PBXBuildFile; fileRef = D26CF632176ACD04000F90F1 /* MyApp01.xcdatamodeld */; };
		D26CF645176AE2E3000F90F1 /* SliderRootViewController.m in Sources */ = {isa = PBXBuildFile; fileRef = D26CF644176AE2E3000F90F1 /* SliderRootViewController.m */; };
		D26CF648176AE337000F90F1 /* MainNavigationController.m in Sources */ = {isa = PBXBuildFile; fileRef = D26CF647176AE337000F90F1 /* MainNavigationController.m */; };
		D26CF64B176AE401000F90F1 /* MainViewController.m in Sources */ = {isa = PBXBuildFile; fileRef = D26CF64A176AE401000F90F1 /* MainViewController.m */; };
		D26CF64E176AE42C000F90F1 /* LeftMenuViewController.m in Sources */ = {isa = PBXBuildFile; fileRef = D26CF64D176AE42C000F90F1 /* LeftMenuViewController.m */; };
		D26CF651176AE43F000F90F1 /* RightMenuViewController.m in Sources */ = {isa = PBXBuildFile; fileRef = D26CF650176AE43F000F90F1 /* RightMenuViewController.m */; };
		D26CF654176AEB08000F90F1 /* Constants.m in Sources */ = {isa = PBXBuildFile; fileRef = D26CF653176AEB08000F90F1 /* Constants.m */; };
		D26CF65A176AEE44000F90F1 /* MapKit.framework in Frameworks */ = {isa = PBXBuildFile; fileRef = D26CF659176AEE44000F90F1 /* MapKit.framework */; };
		D26CF65C176AEE4A000F90F1 /* CoreLocation.framework in Frameworks */ = {isa = PBXBuildFile; fileRef = D26CF65B176AEE4A000F90F1 /* CoreLocation.framework */; };
		D26CF65F176AF0B0000F90F1 /* CustomAnnotation.m in Sources */ = {isa = PBXBuildFile; fileRef = D26CF65E176AF0B0000F90F1 /* CustomAnnotation.m */; };
		D26DC134177997B400ACFB0B /* ARViewController.m in Sources */ = {isa = PBXBuildFile; fileRef = D26DC133177997B400ACFB0B /* ARViewController.m */; };
		D2722376177C722F00908590 /* ListData.m in Sources */ = {isa = PBXBuildFile; fileRef = D2722375177C722F00908590 /* ListData.m */; };
		D2722394177CA19E00908590 /* ListTable.m in Sources */ = {isa = PBXBuildFile; fileRef = D2722393177CA19E00908590 /* ListTable.m */; };
		D2983D9317800E5C00DEB29E /* DetailData.m in Sources */ = {isa = PBXBuildFile; fileRef = D2983D9217800E5C00DEB29E /* DetailData.m */; };
		D2BB6EE617E0D2B200462E10 /* bgcolor.PNG in Resources */ = {isa = PBXBuildFile; fileRef = D2BB6EB217E0D2B200462E10 /* bgcolor.PNG */; };
		D2BB6EE717E0D2B200462E10 /* bgcolor@2x.PNG in Resources */ = {isa = PBXBuildFile; fileRef = D2BB6EB317E0D2B200462E10 /* bgcolor@2x.PNG */; };
		D2BB6EE817E0D2B200462E10 /* bgLogo.PNG in Resources */ = {isa = PBXBuildFile; fileRef = D2BB6EB417E0D2B200462E10 /* bgLogo.PNG */; };
		D2BB6EE917E0D2B200462E10 /* bgLogo@2x.PNG in Resources */ = {isa = PBXBuildFile; fileRef = D2BB6EB517E0D2B200462E10 /* bgLogo@2x.PNG */; };
		D2BB6EEA17E0D2B200462E10 /* btnCall.PNG in Resources */ = {isa = PBXBuildFile; fileRef = D2BB6EB617E0D2B200462E10 /* btnCall.PNG */; };
		D2BB6EEB17E0D2B200462E10 /* btnCall@2x.PNG in Resources */ = {isa = PBXBuildFile; fileRef = D2BB6EB717E0D2B200462E10 /* btnCall@2x.PNG */; };
		D2BB6EEC17E0D2B200462E10 /* btnCallClick.PNG in Resources */ = {isa = PBXBuildFile; fileRef = D2BB6EB817E0D2B200462E10 /* btnCallClick.PNG */; };
		D2BB6EED17E0D2B200462E10 /* btnCallClick@2x.PNG in Resources */ = {isa = PBXBuildFile; fileRef = D2BB6EB917E0D2B200462E10 /* btnCallClick@2x.PNG */; };
		D2BB6EEE17E0D2B200462E10 /* btnDisplay.PNG in Resources */ = {isa = PBXBuildFile; fileRef = D2BB6EBA17E0D2B200462E10 /* btnDisplay.PNG */; };
		D2BB6EEF17E0D2B200462E10 /* btnDisplay@2x.PNG in Resources */ = {isa = PBXBuildFile; fileRef = D2BB6EBB17E0D2B200462E10 /* btnDisplay@2x.PNG */; };
		D2BB6EF017E0D2B200462E10 /* btnDisplayClick.PNG in Resources */ = {isa = PBXBuildFile; fileRef = D2BB6EBC17E0D2B200462E10 /* btnDisplayClick.PNG */; };
		D2BB6EF117E0D2B200462E10 /* btnDisplayClick@2x.PNG in Resources */ = {isa = PBXBuildFile; fileRef = D2BB6EBD17E0D2B200462E10 /* btnDisplayClick@2x.PNG */; };
		D2BB6EF217E0D2B200462E10 /* btnDivision.PNG in Resources */ = {isa = PBXBuildFile; fileRef = D2BB6EBE17E0D2B200462E10 /* btnDivision.PNG */; };
		D2BB6EF317E0D2B200462E10 /* btnDivision@2x.PNG in Resources */ = {isa = PBXBuildFile; fileRef = D2BB6EBF17E0D2B200462E10 /* btnDivision@2x.PNG */; };
		D2BB6EF417E0D2B200462E10 /* btnDivision01.PNG in Resources */ = {isa = PBXBuildFile; fileRef = D2BB6EC017E0D2B200462E10 /* btnDivision01.PNG */; };
		D2BB6EF517E0D2B200462E10 /* btnDivision01@2x.PNG in Resources */ = {isa = PBXBuildFile; fileRef = D2BB6EC117E0D2B200462E10 /* btnDivision01@2x.PNG */; };
		D2BB6EF617E0D2B200462E10 /* btnDivision01Click.PNG in Resources */ = {isa = PBXBuildFile; fileRef = D2BB6EC217E0D2B200462E10 /* btnDivision01Click.PNG */; };
		D2BB6EF717E0D2B200462E10 /* btnDivision01Click@2x.PNG in Resources */ = {isa = PBXBuildFile; fileRef = D2BB6EC317E0D2B200462E10 /* btnDivision01Click@2x.PNG */; };
		D2BB6EF817E0D2B200462E10 /* btnDivision02.PNG in Resources */ = {isa = PBXBuildFile; fileRef = D2BB6EC417E0D2B200462E10 /* btnDivision02.PNG */; };
		D2BB6EF917E0D2B200462E10 /* btnDivision02@2x.PNG in Resources */ = {isa = PBXBuildFile; fileRef = D2BB6EC517E0D2B200462E10 /* btnDivision02@2x.PNG */; };
		D2BB6EFA17E0D2B200462E10 /* btnDivision02Click.PNG in Resources */ = {isa = PBXBuildFile; fileRef = D2BB6EC617E0D2B200462E10 /* btnDivision02Click.PNG */; };
		D2BB6EFB17E0D2B200462E10 /* btnDivision02Click@2x.PNG in Resources */ = {isa = PBXBuildFile; fileRef = D2BB6EC717E0D2B200462E10 /* btnDivision02Click@2x.PNG */; };
		D2BB6EFC17E0D2B200462E10 /* btnDivision03.PNG in Resources */ = {isa = PBXBuildFile; fileRef = D2BB6EC817E0D2B200462E10 /* btnDivision03.PNG */; };
		D2BB6EFD17E0D2B200462E10 /* btnDivision03@2x.PNG in Resources */ = {isa = PBXBuildFile; fileRef = D2BB6EC917E0D2B200462E10 /* btnDivision03@2x.PNG */; };
		D2BB6EFE17E0D2B200462E10 /* btnDivision03Click.PNG in Resources */ = {isa = PBXBuildFile; fileRef = D2BB6ECA17E0D2B200462E10 /* btnDivision03Click.PNG */; };
		D2BB6EFF17E0D2B200462E10 /* btnDivision03Click@2x.PNG in Resources */ = {isa = PBXBuildFile; fileRef = D2BB6ECB17E0D2B200462E10 /* btnDivision03Click@2x.PNG */; };
		D2BB6F0017E0D2B200462E10 /* btnDivision04.PNG in Resources */ = {isa = PBXBuildFile; fileRef = D2BB6ECC17E0D2B200462E10 /* btnDivision04.PNG */; };
		D2BB6F0117E0D2B200462E10 /* btnDivision04@2x.PNG in Resources */ = {isa = PBXBuildFile; fileRef = D2BB6ECD17E0D2B200462E10 /* btnDivision04@2x.PNG */; };
		D2BB6F0217E0D2B200462E10 /* btnDivision04Click.PNG in Resources */ = {isa = PBXBuildFile; fileRef = D2BB6ECE17E0D2B200462E10 /* btnDivision04Click.PNG */; };
		D2BB6F0317E0D2B200462E10 /* btnDivision04Click@2x.PNG in Resources */ = {isa = PBXBuildFile; fileRef = D2BB6ECF17E0D2B200462E10 /* btnDivision04Click@2x.PNG */; };
		D2BB6F0417E0D2B200462E10 /* btnDivision05.PNG in Resources */ = {isa = PBXBuildFile; fileRef = D2BB6ED017E0D2B200462E10 /* btnDivision05.PNG */; };
		D2BB6F0517E0D2B200462E10 /* btnDivision05@2x.PNG in Resources */ = {isa = PBXBuildFile; fileRef = D2BB6ED117E0D2B200462E10 /* btnDivision05@2x.PNG */; };
		D2BB6F0617E0D2B200462E10 /* btnDivision05Click.PNG in Resources */ = {isa = PBXBuildFile; fileRef = D2BB6ED217E0D2B200462E10 /* btnDivision05Click.PNG */; };
		D2BB6F0717E0D2B200462E10 /* btnDivision05Click@2x.PNG in Resources */ = {isa = PBXBuildFile; fileRef = D2BB6ED317E0D2B200462E10 /* btnDivision05Click@2x.PNG */; };
		D2BB6F0817E0D2B200462E10 /* btnDivision06.PNG in Resources */ = {isa = PBXBuildFile; fileRef = D2BB6ED417E0D2B200462E10 /* btnDivision06.PNG */; };
		D2BB6F0917E0D2B200462E10 /* btnDivision06@2x.PNG in Resources */ = {isa = PBXBuildFile; fileRef = D2BB6ED517E0D2B200462E10 /* btnDivision06@2x.PNG */; };
		D2BB6F0A17E0D2B200462E10 /* btnDivision06Click.PNG in Resources */ = {isa = PBXBuildFile; fileRef = D2BB6ED617E0D2B200462E10 /* btnDivision06Click.PNG */; };
		D2BB6F0B17E0D2B200462E10 /* btnDivision06Click@2x.PNG in Resources */ = {isa = PBXBuildFile; fileRef = D2BB6ED717E0D2B200462E10 /* btnDivision06Click@2x.PNG */; };
		D2BB6F0C17E0D2B200462E10 /* btnDivisionClick.PNG in Resources */ = {isa = PBXBuildFile; fileRef = D2BB6ED817E0D2B200462E10 /* btnDivisionClick.PNG */; };
		D2BB6F0D17E0D2B200462E10 /* btnDivisionClick@2x.PNG in Resources */ = {isa = PBXBuildFile; fileRef = D2BB6ED917E0D2B200462E10 /* btnDivisionClick@2x.PNG */; };
		D2BB6F0E17E0D2B200462E10 /* btnSearch.PNG in Resources */ = {isa = PBXBuildFile; fileRef = D2BB6EDA17E0D2B200462E10 /* btnSearch.PNG */; };
		D2BB6F0F17E0D2B200462E10 /* btnSearch@2x.PNG in Resources */ = {isa = PBXBuildFile; fileRef = D2BB6EDB17E0D2B200462E10 /* btnSearch@2x.PNG */; };
		D2BB6F1017E0D2B200462E10 /* btnSearchClick.PNG in Resources */ = {isa = PBXBuildFile; fileRef = D2BB6EDC17E0D2B200462E10 /* btnSearchClick.PNG */; };
		D2BB6F1117E0D2B200462E10 /* btnSearchClick@2x.PNG in Resources */ = {isa = PBXBuildFile; fileRef = D2BB6EDD17E0D2B200462E10 /* btnSearchClick@2x.PNG */; };
		D2BB6F1217E0D2B200462E10 /* Head01.PNG in Resources */ = {isa = PBXBuildFile; fileRef = D2BB6EDE17E0D2B200462E10 /* Head01.PNG */; };
		D2BB6F1317E0D2B200462E10 /* Head01@2x.PNG in Resources */ = {isa = PBXBuildFile; fileRef = D2BB6EDF17E0D2B200462E10 /* Head01@2x.PNG */; };
		D2BB6F1417E0D2B200462E10 /* Head02.PNG in Resources */ = {isa = PBXBuildFile; fileRef = D2BB6EE017E0D2B200462E10 /* Head02.PNG */; };
		D2BB6F1517E0D2B200462E10 /* Head02@2x.PNG in Resources */ = {isa = PBXBuildFile; fileRef = D2BB6EE117E0D2B200462E10 /* Head02@2x.PNG */; };
		D2BB6F1617E0D2B200462E10 /* mainDownBlock.PNG in Resources */ = {isa = PBXBuildFile; fileRef = D2BB6EE217E0D2B200462E10 /* mainDownBlock.PNG */; };
		D2BB6F1717E0D2B200462E10 /* mainDownBlock@2x.PNG in Resources */ = {isa = PBXBuildFile; fileRef = D2BB6EE317E0D2B200462E10 /* mainDownBlock@2x.PNG */; };
		D2BB6F1817E0D2B200462E10 /* searchInput9B.PNG in Resources */ = {isa = PBXBuildFile; fileRef = D2BB6EE417E0D2B200462E10 /* searchInput9B.PNG */; };
		D2BB6F1917E0D2B200462E10 /* searchInput9B@2x.PNG in Resources */ = {isa = PBXBuildFile; fileRef = D2BB6EE517E0D2B200462E10 /* searchInput9B@2x.PNG */; };
		D2D50DFE17A588BF006B026C /* Tools.m in Sources */ = {isa = PBXBuildFile; fileRef = D2D50DFD17A588BF006B026C /* Tools.m */; };
		D2E951B8176EE69700A4A7AB /* map_direction_bg.png in Resources */ = {isa = PBXBuildFile; fileRef = D2E951B6176EE69700A4A7AB /* map_direction_bg.png */; };
		D2E951B9176EE69700A4A7AB /* map_direction_bg@2x.png in Resources */ = {isa = PBXBuildFile; fileRef = D2E951B7176EE69700A4A7AB /* map_direction_bg@2x.png */; };
		D2FCB7F117FC934A000A6058 /* MAINBPickerView.m in Sources */ = {isa = PBXBuildFile; fileRef = D2FCB7F017FC934A000A6058 /* MAINBPickerView.m */; };
/* End PBXBuildFile section */

/* Begin PBXFileReference section */
		D22AAE1D17C5B1CF0011A53C /* JSON.h */ = {isa = PBXFileReference; fileEncoding = 4; lastKnownFileType = sourcecode.c.h; path = JSON.h; sourceTree = "<group>"; };
		D22AAE1E17C5B1CF0011A53C /* NSObject+SBJSON.h */ = {isa = PBXFileReference; fileEncoding = 4; lastKnownFileType = sourcecode.c.h; path = "NSObject+SBJSON.h"; sourceTree = "<group>"; };
		D22AAE1F17C5B1CF0011A53C /* NSObject+SBJSON.m */ = {isa = PBXFileReference; fileEncoding = 4; lastKnownFileType = sourcecode.c.objc; path = "NSObject+SBJSON.m"; sourceTree = "<group>"; };
		D22AAE2017C5B1CF0011A53C /* NSString+SBJSON.h */ = {isa = PBXFileReference; fileEncoding = 4; lastKnownFileType = sourcecode.c.h; path = "NSString+SBJSON.h"; sourceTree = "<group>"; };
		D22AAE2117C5B1CF0011A53C /* NSString+SBJSON.m */ = {isa = PBXFileReference; fileEncoding = 4; lastKnownFileType = sourcecode.c.objc; path = "NSString+SBJSON.m"; sourceTree = "<group>"; };
		D22AAE2217C5B1CF0011A53C /* SBJSON.h */ = {isa = PBXFileReference; fileEncoding = 4; lastKnownFileType = sourcecode.c.h; path = SBJSON.h; sourceTree = "<group>"; };
		D22AAE2317C5B1CF0011A53C /* SBJSON.m */ = {isa = PBXFileReference; fileEncoding = 4; lastKnownFileType = sourcecode.c.objc; path = SBJSON.m; sourceTree = "<group>"; };
		D22AAE2417C5B1CF0011A53C /* SBJsonBase.h */ = {isa = PBXFileReference; fileEncoding = 4; lastKnownFileType = sourcecode.c.h; path = SBJsonBase.h; sourceTree = "<group>"; };
		D22AAE2517C5B1CF0011A53C /* SBJsonBase.m */ = {isa = PBXFileReference; fileEncoding = 4; lastKnownFileType = sourcecode.c.objc; path = SBJsonBase.m; sourceTree = "<group>"; };
		D22AAE2617C5B1CF0011A53C /* SBJsonParser.h */ = {isa = PBXFileReference; fileEncoding = 4; lastKnownFileType = sourcecode.c.h; path = SBJsonParser.h; sourceTree = "<group>"; };
		D22AAE2717C5B1CF0011A53C /* SBJsonParser.m */ = {isa = PBXFileReference; fileEncoding = 4; lastKnownFileType = sourcecode.c.objc; path = SBJsonParser.m; sourceTree = "<group>"; };
		D22AAE2817C5B1CF0011A53C /* SBJsonWriter.h */ = {isa = PBXFileReference; fileEncoding = 4; lastKnownFileType = sourcecode.c.h; path = SBJsonWriter.h; sourceTree = "<group>"; };
		D22AAE2917C5B1CF0011A53C /* SBJsonWriter.m */ = {isa = PBXFileReference; fileEncoding = 4; lastKnownFileType = sourcecode.c.objc; path = SBJsonWriter.m; sourceTree = "<group>"; };
		D22AAE3317C5B5570011A53C /* HttpRequest.h */ = {isa = PBXFileReference; fileEncoding = 4; lastKnownFileType = sourcecode.c.h; name = HttpRequest.h; path = Classes/Common/HttpRequest.h; sourceTree = "<group>"; };
		D22AAE3417C5B5570011A53C /* HttpRequest.m */ = {isa = PBXFileReference; fileEncoding = 4; lastKnownFileType = sourcecode.c.objc; name = HttpRequest.m; path = Classes/Common/HttpRequest.m; sourceTree = "<group>"; };
		D22AAE3717C5DE7D0011A53C /* WebServiceClient.h */ = {isa = PBXFileReference; fileEncoding = 4; lastKnownFileType = sourcecode.c.h; name = WebServiceClient.h; path = Classes/Common/WebServiceClient.h; sourceTree = "<group>"; };
		D22AAE3817C5DE7D0011A53C /* WebServiceClient.m */ = {isa = PBXFileReference; fileEncoding = 4; lastKnownFileType = sourcecode.c.objc; name = WebServiceClient.m; path = Classes/Common/WebServiceClient.m; sourceTree = "<group>"; };
		D2315680177C662900AED1C4 /* DetailViewController.h */ = {isa = PBXFileReference; fileEncoding = 4; lastKnownFileType = sourcecode.c.h; name = DetailViewController.h; path = Classes/Detail/DetailViewController.h; sourceTree = "<group>"; };
		D2315681177C662900AED1C4 /* DetailViewController.m */ = {isa = PBXFileReference; fileEncoding = 4; lastKnownFileType = sourcecode.c.objc; name = DetailViewController.m; path = Classes/Detail/DetailViewController.m; sourceTree = "<group>"; };
		D2315687177C680100AED1C4 /* ListTableViewController.h */ = {isa = PBXFileReference; fileEncoding = 4; lastKnownFileType = sourcecode.c.h; name = ListTableViewController.h; path = Classes/List/ListTableViewController.h; sourceTree = "<group>"; };
		D2315688177C680100AED1C4 /* ListTableViewController.m */ = {isa = PBXFileReference; fileEncoding = 4; lastKnownFileType = sourcecode.c.objc; name = ListTableViewController.m; path = Classes/List/ListTableViewController.m; sourceTree = "<group>"; };
		D2360CFF1822A1C6000968BA /* btnDivision07.PNG */ = {isa = PBXFileReference; lastKnownFileType = image.png; name = btnDivision07.PNG; path = Images/btnDivision07.PNG; sourceTree = "<group>"; };
		D2360D001822A1C6000968BA /* btnDivision07@2x.PNG */ = {isa = PBXFileReference; lastKnownFileType = image.png; name = "btnDivision07@2x.PNG"; path = "Images/btnDivision07@2x.PNG"; sourceTree = "<group>"; };
		D2360D011822A1C6000968BA /* btnDivision08.PNG */ = {isa = PBXFileReference; lastKnownFileType = image.png; name = btnDivision08.PNG; path = Images/btnDivision08.PNG; sourceTree = "<group>"; };
		D2360D021822A1C6000968BA /* btnDivision08@2x.PNG */ = {isa = PBXFileReference; lastKnownFileType = image.png; name = "btnDivision08@2x.PNG"; path = "Images/btnDivision08@2x.PNG"; sourceTree = "<group>"; };
		D2360D031822A1C6000968BA /* btnDivision09.PNG */ = {isa = PBXFileReference; lastKnownFileType = image.png; name = btnDivision09.PNG; path = Images/btnDivision09.PNG; sourceTree = "<group>"; };
		D2360D041822A1C6000968BA /* btnDivision09@2x.PNG */ = {isa = PBXFileReference; lastKnownFileType = image.png; name = "btnDivision09@2x.PNG"; path = "Images/btnDivision09@2x.PNG"; sourceTree = "<group>"; };
		D26CF614176ACD04000F90F1 /* MyApp01.app */ = {isa = PBXFileReference; explicitFileType = wrapper.application; includeInIndex = 0; path = MyApp01.app; sourceTree = BUILT_PRODUCTS_DIR; };
		D26CF618176ACD04000F90F1 /* UIKit.framework */ = {isa = PBXFileReference; lastKnownFileType = wrapper.framework; name = UIKit.framework; path = System/Library/Frameworks/UIKit.framework; sourceTree = SDKROOT; };
		D26CF61A176ACD04000F90F1 /* Foundation.framework */ = {isa = PBXFileReference; lastKnownFileType = wrapper.framework; name = Foundation.framework; path = System/Library/Frameworks/Foundation.framework; sourceTree = SDKROOT; };
		D26CF61C176ACD04000F90F1 /* CoreGraphics.framework */ = {isa = PBXFileReference; lastKnownFileType = wrapper.framework; name = CoreGraphics.framework; path = System/Library/Frameworks/CoreGraphics.framework; sourceTree = SDKROOT; };
		D26CF61E176ACD04000F90F1 /* CoreData.framework */ = {isa = PBXFileReference; lastKnownFileType = wrapper.framework; name = CoreData.framework; path = System/Library/Frameworks/CoreData.framework; sourceTree = SDKROOT; };
		D26CF622176ACD04000F90F1 /* MyApp01-Info.plist */ = {isa = PBXFileReference; lastKnownFileType = text.plist.xml; path = "MyApp01-Info.plist"; sourceTree = "<group>"; };
		D26CF624176ACD04000F90F1 /* en */ = {isa = PBXFileReference; lastKnownFileType = text.plist.strings; name = en; path = en.lproj/InfoPlist.strings; sourceTree = "<group>"; };
		D26CF626176ACD04000F90F1 /* main.m */ = {isa = PBXFileReference; lastKnownFileType = sourcecode.c.objc; path = main.m; sourceTree = "<group>"; };
		D26CF628176ACD04000F90F1 /* MyApp01-Prefix.pch */ = {isa = PBXFileReference; lastKnownFileType = sourcecode.c.h; path = "MyApp01-Prefix.pch"; sourceTree = "<group>"; };
		D26CF629176ACD04000F90F1 /* AppDelegate.h */ = {isa = PBXFileReference; lastKnownFileType = sourcecode.c.h; path = AppDelegate.h; sourceTree = "<group>"; };
		D26CF62A176ACD04000F90F1 /* AppDelegate.m */ = {isa = PBXFileReference; lastKnownFileType = sourcecode.c.objc; path = AppDelegate.m; sourceTree = "<group>"; };
		D26CF62C176ACD04000F90F1 /* Default.png */ = {isa = PBXFileReference; lastKnownFileType = image.png; path = Default.png; sourceTree = "<group>"; };
		D26CF62E176ACD04000F90F1 /* Default@2x.png */ = {isa = PBXFileReference; lastKnownFileType = image.png; path = "Default@2x.png"; sourceTree = "<group>"; };
		D26CF630176ACD04000F90F1 /* Default-568h@2x.png */ = {isa = PBXFileReference; lastKnownFileType = image.png; path = "Default-568h@2x.png"; sourceTree = "<group>"; };
		D26CF633176ACD04000F90F1 /* MyApp01.xcdatamodel */ = {isa = PBXFileReference; lastKnownFileType = wrapper.xcdatamodel; path = MyApp01.xcdatamodel; sourceTree = "<group>"; };
		D26CF643176AE2E3000F90F1 /* SliderRootViewController.h */ = {isa = PBXFileReference; fileEncoding = 4; lastKnownFileType = sourcecode.c.h; name = SliderRootViewController.h; path = Classes/Main/SliderRootViewController.h; sourceTree = "<group>"; };
		D26CF644176AE2E3000F90F1 /* SliderRootViewController.m */ = {isa = PBXFileReference; fileEncoding = 4; lastKnownFileType = sourcecode.c.objc; name = SliderRootViewController.m; path = Classes/Main/SliderRootViewController.m; sourceTree = "<group>"; };
		D26CF646176AE337000F90F1 /* MainNavigationController.h */ = {isa = PBXFileReference; fileEncoding = 4; lastKnownFileType = sourcecode.c.h; name = MainNavigationController.h; path = Classes/Main/MainNavigationController.h; sourceTree = "<group>"; };
		D26CF647176AE337000F90F1 /* MainNavigationController.m */ = {isa = PBXFileReference; fileEncoding = 4; lastKnownFileType = sourcecode.c.objc; name = MainNavigationController.m; path = Classes/Main/MainNavigationController.m; sourceTree = "<group>"; };
		D26CF649176AE401000F90F1 /* MainViewController.h */ = {isa = PBXFileReference; fileEncoding = 4; lastKnownFileType = sourcecode.c.h; name = MainViewController.h; path = Classes/Main/MainViewController.h; sourceTree = "<group>"; };
		D26CF64A176AE401000F90F1 /* MainViewController.m */ = {isa = PBXFileReference; fileEncoding = 4; lastKnownFileType = sourcecode.c.objc; name = MainViewController.m; path = Classes/Main/MainViewController.m; sourceTree = "<group>"; };
		D26CF64C176AE42C000F90F1 /* LeftMenuViewController.h */ = {isa = PBXFileReference; fileEncoding = 4; lastKnownFileType = sourcecode.c.h; name = LeftMenuViewController.h; path = Classes/Main/LeftMenuViewController.h; sourceTree = "<group>"; };
		D26CF64D176AE42C000F90F1 /* LeftMenuViewController.m */ = {isa = PBXFileReference; fileEncoding = 4; lastKnownFileType = sourcecode.c.objc; name = LeftMenuViewController.m; path = Classes/Main/LeftMenuViewController.m; sourceTree = "<group>"; };
		D26CF64F176AE43F000F90F1 /* RightMenuViewController.h */ = {isa = PBXFileReference; fileEncoding = 4; lastKnownFileType = sourcecode.c.h; name = RightMenuViewController.h; path = Classes/Main/RightMenuViewController.h; sourceTree = "<group>"; };
		D26CF650176AE43F000F90F1 /* RightMenuViewController.m */ = {isa = PBXFileReference; fileEncoding = 4; lastKnownFileType = sourcecode.c.objc; name = RightMenuViewController.m; path = Classes/Main/RightMenuViewController.m; sourceTree = "<group>"; };
		D26CF652176AEB08000F90F1 /* Constants.h */ = {isa = PBXFileReference; fileEncoding = 4; lastKnownFileType = sourcecode.c.h; name = Constants.h; path = Classes/Common/Constants.h; sourceTree = "<group>"; };
		D26CF653176AEB08000F90F1 /* Constants.m */ = {isa = PBXFileReference; fileEncoding = 4; lastKnownFileType = sourcecode.c.objc; name = Constants.m; path = Classes/Common/Constants.m; sourceTree = "<group>"; };
		D26CF659176AEE44000F90F1 /* MapKit.framework */ = {isa = PBXFileReference; lastKnownFileType = wrapper.framework; name = MapKit.framework; path = System/Library/Frameworks/MapKit.framework; sourceTree = SDKROOT; };
		D26CF65B176AEE4A000F90F1 /* CoreLocation.framework */ = {isa = PBXFileReference; lastKnownFileType = wrapper.framework; name = CoreLocation.framework; path = System/Library/Frameworks/CoreLocation.framework; sourceTree = SDKROOT; };
		D26CF65D176AF0B0000F90F1 /* CustomAnnotation.h */ = {isa = PBXFileReference; fileEncoding = 4; lastKnownFileType = sourcecode.c.h; name = CustomAnnotation.h; path = Classes/Common/CustomAnnotation.h; sourceTree = "<group>"; };
		D26CF65E176AF0B0000F90F1 /* CustomAnnotation.m */ = {isa = PBXFileReference; fileEncoding = 4; lastKnownFileType = sourcecode.c.objc; name = CustomAnnotation.m; path = Classes/Common/CustomAnnotation.m; sourceTree = "<group>"; };
		D26DC132177997B400ACFB0B /* ARViewController.h */ = {isa = PBXFileReference; fileEncoding = 4; lastKnownFileType = sourcecode.c.h; name = ARViewController.h; path = Classes/AR/ARViewController.h; sourceTree = "<group>"; };
		D26DC133177997B400ACFB0B /* ARViewController.m */ = {isa = PBXFileReference; fileEncoding = 4; lastKnownFileType = sourcecode.c.objc; name = ARViewController.m; path = Classes/AR/ARViewController.m; sourceTree = "<group>"; };
		D2722374177C722F00908590 /* ListData.h */ = {isa = PBXFileReference; fileEncoding = 4; lastKnownFileType = sourcecode.c.h; name = ListData.h; path = Classes/List/ListData.h; sourceTree = "<group>"; };
		D2722375177C722F00908590 /* ListData.m */ = {isa = PBXFileReference; fileEncoding = 4; lastKnownFileType = sourcecode.c.objc; name = ListData.m; path = Classes/List/ListData.m; sourceTree = "<group>"; };
		D2722392177CA19E00908590 /* ListTable.h */ = {isa = PBXFileReference; fileEncoding = 4; lastKnownFileType = sourcecode.c.h; name = ListTable.h; path = Classes/List/ListTable.h; sourceTree = "<group>"; };
		D2722393177CA19E00908590 /* ListTable.m */ = {isa = PBXFileReference; fileEncoding = 4; lastKnownFileType = sourcecode.c.objc; name = ListTable.m; path = Classes/List/ListTable.m; sourceTree = "<group>"; };
		D2983D9117800E5C00DEB29E /* DetailData.h */ = {isa = PBXFileReference; fileEncoding = 4; lastKnownFileType = sourcecode.c.h; name = DetailData.h; path = Classes/Detail/DetailData.h; sourceTree = "<group>"; };
		D2983D9217800E5C00DEB29E /* DetailData.m */ = {isa = PBXFileReference; fileEncoding = 4; lastKnownFileType = sourcecode.c.objc; name = DetailData.m; path = Classes/Detail/DetailData.m; sourceTree = "<group>"; };
		D2BB6EB217E0D2B200462E10 /* bgcolor.PNG */ = {isa = PBXFileReference; lastKnownFileType = image.png; name = bgcolor.PNG; path = Images/bgcolor.PNG; sourceTree = "<group>"; };
		D2BB6EB317E0D2B200462E10 /* bgcolor@2x.PNG */ = {isa = PBXFileReference; lastKnownFileType = image.png; name = "bgcolor@2x.PNG"; path = "Images/bgcolor@2x.PNG"; sourceTree = "<group>"; };
		D2BB6EB417E0D2B200462E10 /* bgLogo.PNG */ = {isa = PBXFileReference; lastKnownFileType = image.png; name = bgLogo.PNG; path = Images/bgLogo.PNG; sourceTree = "<group>"; };
		D2BB6EB517E0D2B200462E10 /* bgLogo@2x.PNG */ = {isa = PBXFileReference; lastKnownFileType = image.png; name = "bgLogo@2x.PNG"; path = "Images/bgLogo@2x.PNG"; sourceTree = "<group>"; };
		D2BB6EB617E0D2B200462E10 /* btnCall.PNG */ = {isa = PBXFileReference; lastKnownFileType = image.png; name = btnCall.PNG; path = Images/btnCall.PNG; sourceTree = "<group>"; };
		D2BB6EB717E0D2B200462E10 /* btnCall@2x.PNG */ = {isa = PBXFileReference; lastKnownFileType = image.png; name = "btnCall@2x.PNG"; path = "Images/btnCall@2x.PNG"; sourceTree = "<group>"; };
		D2BB6EB817E0D2B200462E10 /* btnCallClick.PNG */ = {isa = PBXFileReference; lastKnownFileType = image.png; name = btnCallClick.PNG; path = Images/btnCallClick.PNG; sourceTree = "<group>"; };
		D2BB6EB917E0D2B200462E10 /* btnCallClick@2x.PNG */ = {isa = PBXFileReference; lastKnownFileType = image.png; name = "btnCallClick@2x.PNG"; path = "Images/btnCallClick@2x.PNG"; sourceTree = "<group>"; };
		D2BB6EBA17E0D2B200462E10 /* btnDisplay.PNG */ = {isa = PBXFileReference; lastKnownFileType = image.png; name = btnDisplay.PNG; path = Images/btnDisplay.PNG; sourceTree = "<group>"; };
		D2BB6EBB17E0D2B200462E10 /* btnDisplay@2x.PNG */ = {isa = PBXFileReference; lastKnownFileType = image.png; name = "btnDisplay@2x.PNG"; path = "Images/btnDisplay@2x.PNG"; sourceTree = "<group>"; };
		D2BB6EBC17E0D2B200462E10 /* btnDisplayClick.PNG */ = {isa = PBXFileReference; lastKnownFileType = image.png; name = btnDisplayClick.PNG; path = Images/btnDisplayClick.PNG; sourceTree = "<group>"; };
		D2BB6EBD17E0D2B200462E10 /* btnDisplayClick@2x.PNG */ = {isa = PBXFileReference; lastKnownFileType = image.png; name = "btnDisplayClick@2x.PNG"; path = "Images/btnDisplayClick@2x.PNG"; sourceTree = "<group>"; };
		D2BB6EBE17E0D2B200462E10 /* btnDivision.PNG */ = {isa = PBXFileReference; lastKnownFileType = image.png; name = btnDivision.PNG; path = Images/btnDivision.PNG; sourceTree = "<group>"; };
		D2BB6EBF17E0D2B200462E10 /* btnDivision@2x.PNG */ = {isa = PBXFileReference; lastKnownFileType = image.png; name = "btnDivision@2x.PNG"; path = "Images/btnDivision@2x.PNG"; sourceTree = "<group>"; };
		D2BB6EC017E0D2B200462E10 /* btnDivision01.PNG */ = {isa = PBXFileReference; lastKnownFileType = image.png; name = btnDivision01.PNG; path = Images/btnDivision01.PNG; sourceTree = "<group>"; };
		D2BB6EC117E0D2B200462E10 /* btnDivision01@2x.PNG */ = {isa = PBXFileReference; lastKnownFileType = image.png; name = "btnDivision01@2x.PNG"; path = "Images/btnDivision01@2x.PNG"; sourceTree = "<group>"; };
		D2BB6EC217E0D2B200462E10 /* btnDivision01Click.PNG */ = {isa = PBXFileReference; lastKnownFileType = image.png; name = btnDivision01Click.PNG; path = Images/btnDivision01Click.PNG; sourceTree = "<group>"; };
		D2BB6EC317E0D2B200462E10 /* btnDivision01Click@2x.PNG */ = {isa = PBXFileReference; lastKnownFileType = image.png; name = "btnDivision01Click@2x.PNG"; path = "Images/btnDivision01Click@2x.PNG"; sourceTree = "<group>"; };
		D2BB6EC417E0D2B200462E10 /* btnDivision02.PNG */ = {isa = PBXFileReference; lastKnownFileType = image.png; name = btnDivision02.PNG; path = Images/btnDivision02.PNG; sourceTree = "<group>"; };
		D2BB6EC517E0D2B200462E10 /* btnDivision02@2x.PNG */ = {isa = PBXFileReference; lastKnownFileType = image.png; name = "btnDivision02@2x.PNG"; path = "Images/btnDivision02@2x.PNG"; sourceTree = "<group>"; };
		D2BB6EC617E0D2B200462E10 /* btnDivision02Click.PNG */ = {isa = PBXFileReference; lastKnownFileType = image.png; name = btnDivision02Click.PNG; path = Images/btnDivision02Click.PNG; sourceTree = "<group>"; };
		D2BB6EC717E0D2B200462E10 /* btnDivision02Click@2x.PNG */ = {isa = PBXFileReference; lastKnownFileType = image.png; name = "btnDivision02Click@2x.PNG"; path = "Images/btnDivision02Click@2x.PNG"; sourceTree = "<group>"; };
		D2BB6EC817E0D2B200462E10 /* btnDivision03.PNG */ = {isa = PBXFileReference; lastKnownFileType = image.png; name = btnDivision03.PNG; path = Images/btnDivision03.PNG; sourceTree = "<group>"; };
		D2BB6EC917E0D2B200462E10 /* btnDivision03@2x.PNG */ = {isa = PBXFileReference; lastKnownFileType = image.png; name = "btnDivision03@2x.PNG"; path = "Images/btnDivision03@2x.PNG"; sourceTree = "<group>"; };
		D2BB6ECA17E0D2B200462E10 /* btnDivision03Click.PNG */ = {isa = PBXFileReference; lastKnownFileType = image.png; name = btnDivision03Click.PNG; path = Images/btnDivision03Click.PNG; sourceTree = "<group>"; };
		D2BB6ECB17E0D2B200462E10 /* btnDivision03Click@2x.PNG */ = {isa = PBXFileReference; lastKnownFileType = image.png; name = "btnDivision03Click@2x.PNG"; path = "Images/btnDivision03Click@2x.PNG"; sourceTree = "<group>"; };
		D2BB6ECC17E0D2B200462E10 /* btnDivision04.PNG */ = {isa = PBXFileReference; lastKnownFileType = image.png; name = btnDivision04.PNG; path = Images/btnDivision04.PNG; sourceTree = "<group>"; };
		D2BB6ECD17E0D2B200462E10 /* btnDivision04@2x.PNG */ = {isa = PBXFileReference; lastKnownFileType = image.png; name = "btnDivision04@2x.PNG"; path = "Images/btnDivision04@2x.PNG"; sourceTree = "<group>"; };
		D2BB6ECE17E0D2B200462E10 /* btnDivision04Click.PNG */ = {isa = PBXFileReference; lastKnownFileType = image.png; name = btnDivision04Click.PNG; path = Images/btnDivision04Click.PNG; sourceTree = "<group>"; };
		D2BB6ECF17E0D2B200462E10 /* btnDivision04Click@2x.PNG */ = {isa = PBXFileReference; lastKnownFileType = image.png; name = "btnDivision04Click@2x.PNG"; path = "Images/btnDivision04Click@2x.PNG"; sourceTree = "<group>"; };
		D2BB6ED017E0D2B200462E10 /* btnDivision05.PNG */ = {isa = PBXFileReference; lastKnownFileType = image.png; name = btnDivision05.PNG; path = Images/btnDivision05.PNG; sourceTree = "<group>"; };
		D2BB6ED117E0D2B200462E10 /* btnDivision05@2x.PNG */ = {isa = PBXFileReference; lastKnownFileType = image.png; name = "btnDivision05@2x.PNG"; path = "Images/btnDivision05@2x.PNG"; sourceTree = "<group>"; };
		D2BB6ED217E0D2B200462E10 /* btnDivision05Click.PNG */ = {isa = PBXFileReference; lastKnownFileType = image.png; name = btnDivision05Click.PNG; path = Images/btnDivision05Click.PNG; sourceTree = "<group>"; };
		D2BB6ED317E0D2B200462E10 /* btnDivision05Click@2x.PNG */ = {isa = PBXFileReference; lastKnownFileType = image.png; name = "btnDivision05Click@2x.PNG"; path = "Images/btnDivision05Click@2x.PNG"; sourceTree = "<group>"; };
		D2BB6ED417E0D2B200462E10 /* btnDivision06.PNG */ = {isa = PBXFileReference; lastKnownFileType = image.png; name = btnDivision06.PNG; path = Images/btnDivision06.PNG; sourceTree = "<group>"; };
		D2BB6ED517E0D2B200462E10 /* btnDivision06@2x.PNG */ = {isa = PBXFileReference; lastKnownFileType = image.png; name = "btnDivision06@2x.PNG"; path = "Images/btnDivision06@2x.PNG"; sourceTree = "<group>"; };
		D2BB6ED617E0D2B200462E10 /* btnDivision06Click.PNG */ = {isa = PBXFileReference; lastKnownFileType = image.png; name = btnDivision06Click.PNG; path = Images/btnDivision06Click.PNG; sourceTree = "<group>"; };
		D2BB6ED717E0D2B200462E10 /* btnDivision06Click@2x.PNG */ = {isa = PBXFileReference; lastKnownFileType = image.png; name = "btnDivision06Click@2x.PNG"; path = "Images/btnDivision06Click@2x.PNG"; sourceTree = "<group>"; };
		D2BB6ED817E0D2B200462E10 /* btnDivisionClick.PNG */ = {isa = PBXFileReference; lastKnownFileType = image.png; name = btnDivisionClick.PNG; path = Images/btnDivisionClick.PNG; sourceTree = "<group>"; };
		D2BB6ED917E0D2B200462E10 /* btnDivisionClick@2x.PNG */ = {isa = PBXFileReference; lastKnownFileType = image.png; name = "btnDivisionClick@2x.PNG"; path = "Images/btnDivisionClick@2x.PNG"; sourceTree = "<group>"; };
		D2BB6EDA17E0D2B200462E10 /* btnSearch.PNG */ = {isa = PBXFileReference; lastKnownFileType = image.png; name = btnSearch.PNG; path = Images/btnSearch.PNG; sourceTree = "<group>"; };
		D2BB6EDB17E0D2B200462E10 /* btnSearch@2x.PNG */ = {isa = PBXFileReference; lastKnownFileType = image.png; name = "btnSearch@2x.PNG"; path = "Images/btnSearch@2x.PNG"; sourceTree = "<group>"; };
		D2BB6EDC17E0D2B200462E10 /* btnSearchClick.PNG */ = {isa = PBXFileReference; lastKnownFileType = image.png; name = btnSearchClick.PNG; path = Images/btnSearchClick.PNG; sourceTree = "<group>"; };
		D2BB6EDD17E0D2B200462E10 /* btnSearchClick@2x.PNG */ = {isa = PBXFileReference; lastKnownFileType = image.png; name = "btnSearchClick@2x.PNG"; path = "Images/btnSearchClick@2x.PNG"; sourceTree = "<group>"; };
		D2BB6EDE17E0D2B200462E10 /* Head01.PNG */ = {isa = PBXFileReference; lastKnownFileType = image.png; name = Head01.PNG; path = Images/Head01.PNG; sourceTree = "<group>"; };
		D2BB6EDF17E0D2B200462E10 /* Head01@2x.PNG */ = {isa = PBXFileReference; lastKnownFileType = image.png; name = "Head01@2x.PNG"; path = "Images/Head01@2x.PNG"; sourceTree = "<group>"; };
		D2BB6EE017E0D2B200462E10 /* Head02.PNG */ = {isa = PBXFileReference; lastKnownFileType = image.png; name = Head02.PNG; path = Images/Head02.PNG; sourceTree = "<group>"; };
		D2BB6EE117E0D2B200462E10 /* Head02@2x.PNG */ = {isa = PBXFileReference; lastKnownFileType = image.png; name = "Head02@2x.PNG"; path = "Images/Head02@2x.PNG"; sourceTree = "<group>"; };
		D2BB6EE217E0D2B200462E10 /* mainDownBlock.PNG */ = {isa = PBXFileReference; lastKnownFileType = image.png; name = mainDownBlock.PNG; path = Images/mainDownBlock.PNG; sourceTree = "<group>"; };
		D2BB6EE317E0D2B200462E10 /* mainDownBlock@2x.PNG */ = {isa = PBXFileReference; lastKnownFileType = image.png; name = "mainDownBlock@2x.PNG"; path = "Images/mainDownBlock@2x.PNG"; sourceTree = "<group>"; };
		D2BB6EE417E0D2B200462E10 /* searchInput9B.PNG */ = {isa = PBXFileReference; lastKnownFileType = image.png; name = searchInput9B.PNG; path = Images/searchInput9B.PNG; sourceTree = "<group>"; };
		D2BB6EE517E0D2B200462E10 /* searchInput9B@2x.PNG */ = {isa = PBXFileReference; lastKnownFileType = image.png; name = "searchInput9B@2x.PNG"; path = "Images/searchInput9B@2x.PNG"; sourceTree = "<group>"; };
		D2D50DFC17A588BF006B026C /* Tools.h */ = {isa = PBXFileReference; fileEncoding = 4; lastKnownFileType = sourcecode.c.h; name = Tools.h; path = Classes/Common/Tools.h; sourceTree = "<group>"; };
		D2D50DFD17A588BF006B026C /* Tools.m */ = {isa = PBXFileReference; fileEncoding = 4; lastKnownFileType = sourcecode.c.objc; name = Tools.m; path = Classes/Common/Tools.m; sourceTree = "<group>"; };
		D2E951B6176EE69700A4A7AB /* map_direction_bg.png */ = {isa = PBXFileReference; lastKnownFileType = image.png; name = map_direction_bg.png; path = Images/map_direction_bg.png; sourceTree = "<group>"; };
		D2E951B7176EE69700A4A7AB /* map_direction_bg@2x.png */ = {isa = PBXFileReference; lastKnownFileType = image.png; name = "map_direction_bg@2x.png"; path = "Images/map_direction_bg@2x.png"; sourceTree = "<group>"; };
		D2FCB7EF17FC934A000A6058 /* MAINBPickerView.h */ = {isa = PBXFileReference; fileEncoding = 4; lastKnownFileType = sourcecode.c.h; name = MAINBPickerView.h; path = Classes/Common/MAINBPickerView.h; sourceTree = "<group>"; };
		D2FCB7F017FC934A000A6058 /* MAINBPickerView.m */ = {isa = PBXFileReference; fileEncoding = 4; lastKnownFileType = sourcecode.c.objc; name = MAINBPickerView.m; path = Classes/Common/MAINBPickerView.m; sourceTree = "<group>"; };
/* End PBXFileReference section */

/* Begin PBXFrameworksBuildPhase section */
		D26CF611176ACD04000F90F1 /* Frameworks */ = {
			isa = PBXFrameworksBuildPhase;
			buildActionMask = 2147483647;
			files = (
				D26CF65C176AEE4A000F90F1 /* CoreLocation.framework in Frameworks */,
				D26CF65A176AEE44000F90F1 /* MapKit.framework in Frameworks */,
				D26CF619176ACD04000F90F1 /* UIKit.framework in Frameworks */,
				D26CF61B176ACD04000F90F1 /* Foundation.framework in Frameworks */,
				D26CF61D176ACD04000F90F1 /* CoreGraphics.framework in Frameworks */,
				D26CF61F176ACD04000F90F1 /* CoreData.framework in Frameworks */,
			);
			runOnlyForDeploymentPostprocessing = 0;
		};
/* End PBXFrameworksBuildPhase section */

/* Begin PBXGroup section */
		D22AAE1C17C5B1CF0011A53C /* JSON */ = {
			isa = PBXGroup;
			children = (
				D22AAE1D17C5B1CF0011A53C /* JSON.h */,
				D22AAE1E17C5B1CF0011A53C /* NSObject+SBJSON.h */,
				D22AAE1F17C5B1CF0011A53C /* NSObject+SBJSON.m */,
				D22AAE2017C5B1CF0011A53C /* NSString+SBJSON.h */,
				D22AAE2117C5B1CF0011A53C /* NSString+SBJSON.m */,
				D22AAE2217C5B1CF0011A53C /* SBJSON.h */,
				D22AAE2317C5B1CF0011A53C /* SBJSON.m */,
				D22AAE2417C5B1CF0011A53C /* SBJsonBase.h */,
				D22AAE2517C5B1CF0011A53C /* SBJsonBase.m */,
				D22AAE2617C5B1CF0011A53C /* SBJsonParser.h */,
				D22AAE2717C5B1CF0011A53C /* SBJsonParser.m */,
				D22AAE2817C5B1CF0011A53C /* SBJsonWriter.h */,
				D22AAE2917C5B1CF0011A53C /* SBJsonWriter.m */,
			);
			name = JSON;
			path = Classes/JSON;
			sourceTree = "<group>";
		};
		D22AAE3617C5DE370011A53C /* WebServiceClinet */ = {
			isa = PBXGroup;
			children = (
				D22AAE3717C5DE7D0011A53C /* WebServiceClient.h */,
				D22AAE3817C5DE7D0011A53C /* WebServiceClient.m */,
			);
			name = WebServiceClinet;
			sourceTree = "<group>";
		};
		D231567E177C65F800AED1C4 /* Detail */ = {
			isa = PBXGroup;
			children = (
				D2315680177C662900AED1C4 /* DetailViewController.h */,
				D2315681177C662900AED1C4 /* DetailViewController.m */,
				D2983D9117800E5C00DEB29E /* DetailData.h */,
				D2983D9217800E5C00DEB29E /* DetailData.m */,
			);
			name = Detail;
			sourceTree = "<group>";
		};
		D2315683177C672100AED1C4 /* List */ = {
			isa = PBXGroup;
			children = (
				D2315687177C680100AED1C4 /* ListTableViewController.h */,
				D2315688177C680100AED1C4 /* ListTableViewController.m */,
				D2722392177CA19E00908590 /* ListTable.h */,
				D2722393177CA19E00908590 /* ListTable.m */,
				D2722374177C722F00908590 /* ListData.h */,
				D2722375177C722F00908590 /* ListData.m */,
			);
			name = List;
			sourceTree = "<group>";
		};
		D26CF609176ACD04000F90F1 = {
			isa = PBXGroup;
			children = (
				D26CF63B176ACD53000F90F1 /* Common */,
				D26CF620176ACD04000F90F1 /* MyApp01 */,
				D26CF617176ACD04000F90F1 /* Frameworks */,
				D26CF615176ACD04000F90F1 /* Products */,
			);
			sourceTree = "<group>";
		};
		D26CF615176ACD04000F90F1 /* Products */ = {
			isa = PBXGroup;
			children = (
				D26CF614176ACD04000F90F1 /* MyApp01.app */,
			);
			name = Products;
			sourceTree = "<group>";
		};
		D26CF617176ACD04000F90F1 /* Frameworks */ = {
			isa = PBXGroup;
			children = (
				D26CF65B176AEE4A000F90F1 /* CoreLocation.framework */,
				D26CF659176AEE44000F90F1 /* MapKit.framework */,
				D26CF618176ACD04000F90F1 /* UIKit.framework */,
				D26CF61A176ACD04000F90F1 /* Foundation.framework */,
				D26CF61C176ACD04000F90F1 /* CoreGraphics.framework */,
				D26CF61E176ACD04000F90F1 /* CoreData.framework */,
			);
			name = Frameworks;
			sourceTree = "<group>";
		};
		D26CF620176ACD04000F90F1 /* MyApp01 */ = {
			isa = PBXGroup;
			children = (
				D22AAE1C17C5B1CF0011A53C /* JSON */,
				D26CF629176ACD04000F90F1 /* AppDelegate.h */,
				D26CF62A176ACD04000F90F1 /* AppDelegate.m */,
				D26DC1301779975B00ACFB0B /* AR */,
				D26CF63A176ACD4D000F90F1 /* Main */,
				D231567E177C65F800AED1C4 /* Detail */,
				D2315683177C672100AED1C4 /* List */,
				D26CF632176ACD04000F90F1 /* MyApp01.xcdatamodeld */,
				D26CF621176ACD04000F90F1 /* Supporting Files */,
			);
			path = MyApp01;
			sourceTree = "<group>";
		};
		D26CF621176ACD04000F90F1 /* Supporting Files */ = {
			isa = PBXGroup;
			children = (
				D2BB6EB117E0D2A500462E10 /* UIIIMG */,
				D2E951B4176EE68700A4A7AB /* IMG */,
				D26CF622176ACD04000F90F1 /* MyApp01-Info.plist */,
				D26CF623176ACD04000F90F1 /* InfoPlist.strings */,
				D26CF626176ACD04000F90F1 /* main.m */,
				D26CF628176ACD04000F90F1 /* MyApp01-Prefix.pch */,
				D26CF62C176ACD04000F90F1 /* Default.png */,
				D26CF62E176ACD04000F90F1 /* Default@2x.png */,
				D26CF630176ACD04000F90F1 /* Default-568h@2x.png */,
			);
			name = "Supporting Files";
			sourceTree = "<group>";
		};
		D26CF63A176ACD4D000F90F1 /* Main */ = {
			isa = PBXGroup;
			children = (
				D26CF643176AE2E3000F90F1 /* SliderRootViewController.h */,
				D26CF644176AE2E3000F90F1 /* SliderRootViewController.m */,
				D26CF646176AE337000F90F1 /* MainNavigationController.h */,
				D26CF647176AE337000F90F1 /* MainNavigationController.m */,
				D26CF649176AE401000F90F1 /* MainViewController.h */,
				D26CF64A176AE401000F90F1 /* MainViewController.m */,
				D26CF64C176AE42C000F90F1 /* LeftMenuViewController.h */,
				D26CF64D176AE42C000F90F1 /* LeftMenuViewController.m */,
				D26CF64F176AE43F000F90F1 /* RightMenuViewController.h */,
				D26CF650176AE43F000F90F1 /* RightMenuViewController.m */,
			);
			name = Main;
			sourceTree = "<group>";
		};
		D26CF63B176ACD53000F90F1 /* Common */ = {
			isa = PBXGroup;
			children = (
				D2FCB7EF17FC934A000A6058 /* MAINBPickerView.h */,
				D2FCB7F017FC934A000A6058 /* MAINBPickerView.m */,
				D22AAE3617C5DE370011A53C /* WebServiceClinet */,
				D22AAE3317C5B5570011A53C /* HttpRequest.h */,
				D22AAE3417C5B5570011A53C /* HttpRequest.m */,
				D26CF65D176AF0B0000F90F1 /* CustomAnnotation.h */,
				D26CF65E176AF0B0000F90F1 /* CustomAnnotation.m */,
				D26CF652176AEB08000F90F1 /* Constants.h */,
				D26CF653176AEB08000F90F1 /* Constants.m */,
				D2D50DFC17A588BF006B026C /* Tools.h */,
				D2D50DFD17A588BF006B026C /* Tools.m */,
			);
			name = Common;
			path = MyApp01;
			sourceTree = "<group>";
		};
		D26DC1301779975B00ACFB0B /* AR */ = {
			isa = PBXGroup;
			children = (
				D26DC132177997B400ACFB0B /* ARViewController.h */,
				D26DC133177997B400ACFB0B /* ARViewController.m */,
			);
			name = AR;
			sourceTree = "<group>";
		};
		D2BB6EB117E0D2A500462E10 /* UIIIMG */ = {
			isa = PBXGroup;
			children = (
				D2360CFF1822A1C6000968BA /* btnDivision07.PNG */,
				D2360D001822A1C6000968BA /* btnDivision07@2x.PNG */,
				D2360D011822A1C6000968BA /* btnDivision08.PNG */,
				D2360D021822A1C6000968BA /* btnDivision08@2x.PNG */,
				D2360D031822A1C6000968BA /* btnDivision09.PNG */,
				D2360D041822A1C6000968BA /* btnDivision09@2x.PNG */,
				D2BB6EB217E0D2B200462E10 /* bgcolor.PNG */,
				D2BB6EB317E0D2B200462E10 /* bgcolor@2x.PNG */,
				D2BB6EB417E0D2B200462E10 /* bgLogo.PNG */,
				D2BB6EB517E0D2B200462E10 /* bgLogo@2x.PNG */,
				D2BB6EB617E0D2B200462E10 /* btnCall.PNG */,
				D2BB6EB717E0D2B200462E10 /* btnCall@2x.PNG */,
				D2BB6EB817E0D2B200462E10 /* btnCallClick.PNG */,
				D2BB6EB917E0D2B200462E10 /* btnCallClick@2x.PNG */,
				D2BB6EBA17E0D2B200462E10 /* btnDisplay.PNG */,
				D2BB6EBB17E0D2B200462E10 /* btnDisplay@2x.PNG */,
				D2BB6EBC17E0D2B200462E10 /* btnDisplayClick.PNG */,
				D2BB6EBD17E0D2B200462E10 /* btnDisplayClick@2x.PNG */,
				D2BB6EBE17E0D2B200462E10 /* btnDivision.PNG */,
				D2BB6EBF17E0D2B200462E10 /* btnDivision@2x.PNG */,
				D2BB6EC017E0D2B200462E10 /* btnDivision01.PNG */,
				D2BB6EC117E0D2B200462E10 /* btnDivision01@2x.PNG */,
				D2BB6EC217E0D2B200462E10 /* btnDivision01Click.PNG */,
				D2BB6EC317E0D2B200462E10 /* btnDivision01Click@2x.PNG */,
				D2BB6EC417E0D2B200462E10 /* btnDivision02.PNG */,
				D2BB6EC517E0D2B200462E10 /* btnDivision02@2x.PNG */,
				D2BB6EC617E0D2B200462E10 /* btnDivision02Click.PNG */,
				D2BB6EC717E0D2B200462E10 /* btnDivision02Click@2x.PNG */,
				D2BB6EC817E0D2B200462E10 /* btnDivision03.PNG */,
				D2BB6EC917E0D2B200462E10 /* btnDivision03@2x.PNG */,
				D2BB6ECA17E0D2B200462E10 /* btnDivision03Click.PNG */,
				D2BB6ECB17E0D2B200462E10 /* btnDivision03Click@2x.PNG */,
				D2BB6ECC17E0D2B200462E10 /* btnDivision04.PNG */,
				D2BB6ECD17E0D2B200462E10 /* btnDivision04@2x.PNG */,
				D2BB6ECE17E0D2B200462E10 /* btnDivision04Click.PNG */,
				D2BB6ECF17E0D2B200462E10 /* btnDivision04Click@2x.PNG */,
				D2BB6ED017E0D2B200462E10 /* btnDivision05.PNG */,
				D2BB6ED117E0D2B200462E10 /* btnDivision05@2x.PNG */,
				D2BB6ED217E0D2B200462E10 /* btnDivision05Click.PNG */,
				D2BB6ED317E0D2B200462E10 /* btnDivision05Click@2x.PNG */,
				D2BB6ED417E0D2B200462E10 /* btnDivision06.PNG */,
				D2BB6ED517E0D2B200462E10 /* btnDivision06@2x.PNG */,
				D2BB6ED617E0D2B200462E10 /* btnDivision06Click.PNG */,
				D2BB6ED717E0D2B200462E10 /* btnDivision06Click@2x.PNG */,
				D2BB6ED817E0D2B200462E10 /* btnDivisionClick.PNG */,
				D2BB6ED917E0D2B200462E10 /* btnDivisionClick@2x.PNG */,
				D2BB6EDA17E0D2B200462E10 /* btnSearch.PNG */,
				D2BB6EDB17E0D2B200462E10 /* btnSearch@2x.PNG */,
				D2BB6EDC17E0D2B200462E10 /* btnSearchClick.PNG */,
				D2BB6EDD17E0D2B200462E10 /* btnSearchClick@2x.PNG */,
				D2BB6EDE17E0D2B200462E10 /* Head01.PNG */,
				D2BB6EDF17E0D2B200462E10 /* Head01@2x.PNG */,
				D2BB6EE017E0D2B200462E10 /* Head02.PNG */,
				D2BB6EE117E0D2B200462E10 /* Head02@2x.PNG */,
				D2BB6EE217E0D2B200462E10 /* mainDownBlock.PNG */,
				D2BB6EE317E0D2B200462E10 /* mainDownBlock@2x.PNG */,
				D2BB6EE417E0D2B200462E10 /* searchInput9B.PNG */,
				D2BB6EE517E0D2B200462E10 /* searchInput9B@2x.PNG */,
			);
			name = UIIIMG;
			sourceTree = "<group>";
		};
		D2E951B4176EE68700A4A7AB /* IMG */ = {
			isa = PBXGroup;
			children = (
				D2E951B6176EE69700A4A7AB /* map_direction_bg.png */,
				D2E951B7176EE69700A4A7AB /* map_direction_bg@2x.png */,
			);
			name = IMG;
			sourceTree = "<group>";
		};
/* End PBXGroup section */

/* Begin PBXNativeTarget section */
		D26CF613176ACD04000F90F1 /* MyApp01 */ = {
			isa = PBXNativeTarget;
			buildConfigurationList = D26CF637176ACD04000F90F1 /* Build configuration list for PBXNativeTarget "MyApp01" */;
			buildPhases = (
				D26CF610176ACD04000F90F1 /* Sources */,
				D26CF611176ACD04000F90F1 /* Frameworks */,
				D26CF612176ACD04000F90F1 /* Resources */,
			);
			buildRules = (
			);
			dependencies = (
			);
			name = MyApp01;
			productName = MyApp01;
			productReference = D26CF614176ACD04000F90F1 /* MyApp01.app */;
			productType = "com.apple.product-type.application";
		};
/* End PBXNativeTarget section */

/* Begin PBXProject section */
		D26CF60B176ACD04000F90F1 /* Project object */ = {
			isa = PBXProject;
			attributes = {
				LastUpgradeCheck = 0450;
				ORGANIZATIONNAME = Jason.Cai;
			};
			buildConfigurationList = D26CF60E176ACD04000F90F1 /* Build configuration list for PBXProject "MyApp01" */;
			compatibilityVersion = "Xcode 3.2";
			developmentRegion = English;
			hasScannedForEncodings = 0;
			knownRegions = (
				en,
			);
			mainGroup = D26CF609176ACD04000F90F1;
			productRefGroup = D26CF615176ACD04000F90F1 /* Products */;
			projectDirPath = "";
			projectRoot = "";
			targets = (
				D26CF613176ACD04000F90F1 /* MyApp01 */,
			);
		};
/* End PBXProject section */

/* Begin PBXResourcesBuildPhase section */
		D26CF612176ACD04000F90F1 /* Resources */ = {
			isa = PBXResourcesBuildPhase;
			buildActionMask = 2147483647;
			files = (
				D26CF625176ACD04000F90F1 /* InfoPlist.strings in Resources */,
				D26CF62D176ACD04000F90F1 /* Default.png in Resources */,
				D26CF62F176ACD04000F90F1 /* Default@2x.png in Resources */,
				D26CF631176ACD04000F90F1 /* Default-568h@2x.png in Resources */,
				D2E951B8176EE69700A4A7AB /* map_direction_bg.png in Resources */,
				D2E951B9176EE69700A4A7AB /* map_direction_bg@2x.png in Resources */,
				D2BB6EE617E0D2B200462E10 /* bgcolor.PNG in Resources */,
				D2BB6EE717E0D2B200462E10 /* bgcolor@2x.PNG in Resources */,
				D2BB6EE817E0D2B200462E10 /* bgLogo.PNG in Resources */,
				D2BB6EE917E0D2B200462E10 /* bgLogo@2x.PNG in Resources */,
				D2BB6EEA17E0D2B200462E10 /* btnCall.PNG in Resources */,
				D2BB6EEB17E0D2B200462E10 /* btnCall@2x.PNG in Resources */,
				D2BB6EEC17E0D2B200462E10 /* btnCallClick.PNG in Resources */,
				D2BB6EED17E0D2B200462E10 /* btnCallClick@2x.PNG in Resources */,
				D2BB6EEE17E0D2B200462E10 /* btnDisplay.PNG in Resources */,
				D2BB6EEF17E0D2B200462E10 /* btnDisplay@2x.PNG in Resources */,
				D2BB6EF017E0D2B200462E10 /* btnDisplayClick.PNG in Resources */,
				D2BB6EF117E0D2B200462E10 /* btnDisplayClick@2x.PNG in Resources */,
				D2BB6EF217E0D2B200462E10 /* btnDivision.PNG in Resources */,
				D2BB6EF317E0D2B200462E10 /* btnDivision@2x.PNG in Resources */,
				D2BB6EF417E0D2B200462E10 /* btnDivision01.PNG in Resources */,
				D2BB6EF517E0D2B200462E10 /* btnDivision01@2x.PNG in Resources */,
				D2BB6EF617E0D2B200462E10 /* btnDivision01Click.PNG in Resources */,
				D2BB6EF717E0D2B200462E10 /* btnDivision01Click@2x.PNG in Resources */,
				D2BB6EF817E0D2B200462E10 /* btnDivision02.PNG in Resources */,
				D2BB6EF917E0D2B200462E10 /* btnDivision02@2x.PNG in Resources */,
				D2BB6EFA17E0D2B200462E10 /* btnDivision02Click.PNG in Resources */,
				D2BB6EFB17E0D2B200462E10 /* btnDivision02Click@2x.PNG in Resources */,
				D2BB6EFC17E0D2B200462E10 /* btnDivision03.PNG in Resources */,
				D2BB6EFD17E0D2B200462E10 /* btnDivision03@2x.PNG in Resources */,
				D2BB6EFE17E0D2B200462E10 /* btnDivision03Click.PNG in Resources */,
				D2BB6EFF17E0D2B200462E10 /* btnDivision03Click@2x.PNG in Resources */,
				D2BB6F0017E0D2B200462E10 /* btnDivision04.PNG in Resources */,
				D2BB6F0117E0D2B200462E10 /* btnDivision04@2x.PNG in Resources */,
				D2BB6F0217E0D2B200462E10 /* btnDivision04Click.PNG in Resources */,
				D2BB6F0317E0D2B200462E10 /* btnDivision04Click@2x.PNG in Resources */,
				D2BB6F0417E0D2B200462E10 /* btnDivision05.PNG in Resources */,
				D2BB6F0517E0D2B200462E10 /* btnDivision05@2x.PNG in Resources */,
				D2BB6F0617E0D2B200462E10 /* btnDivision05Click.PNG in Resources */,
				D2BB6F0717E0D2B200462E10 /* btnDivision05Click@2x.PNG in Resources */,
				D2BB6F0817E0D2B200462E10 /* btnDivision06.PNG in Resources */,
				D2BB6F0917E0D2B200462E10 /* btnDivision06@2x.PNG in Resources */,
				D2BB6F0A17E0D2B200462E10 /* btnDivision06Click.PNG in Resources */,
				D2BB6F0B17E0D2B200462E10 /* btnDivision06Click@2x.PNG in Resources */,
				D2BB6F0C17E0D2B200462E10 /* btnDivisionClick.PNG in Resources */,
				D2BB6F0D17E0D2B200462E10 /* btnDivisionClick@2x.PNG in Resources */,
				D2BB6F0E17E0D2B200462E10 /* btnSearch.PNG in Resources */,
				D2BB6F0F17E0D2B200462E10 /* btnSearch@2x.PNG in Resources */,
				D2BB6F1017E0D2B200462E10 /* btnSearchClick.PNG in Resources */,
				D2BB6F1117E0D2B200462E10 /* btnSearchClick@2x.PNG in Resources */,
				D2BB6F1217E0D2B200462E10 /* Head01.PNG in Resources */,
				D2BB6F1317E0D2B200462E10 /* Head01@2x.PNG in Resources */,
				D2BB6F1417E0D2B200462E10 /* Head02.PNG in Resources */,
				D2BB6F1517E0D2B200462E10 /* Head02@2x.PNG in Resources */,
				D2BB6F1617E0D2B200462E10 /* mainDownBlock.PNG in Resources */,
				D2BB6F1717E0D2B200462E10 /* mainDownBlock@2x.PNG in Resources */,
				D2BB6F1817E0D2B200462E10 /* searchInput9B.PNG in Resources */,
				D2BB6F1917E0D2B200462E10 /* searchInput9B@2x.PNG in Resources */,
				D2360D051822A1C6000968BA /* btnDivision07.PNG in Resources */,
				D2360D061822A1C6000968BA /* btnDivision07@2x.PNG in Resources */,
				D2360D071822A1C6000968BA /* btnDivision08.PNG in Resources */,
				D2360D081822A1C6000968BA /* btnDivision08@2x.PNG in Resources */,
				D2360D091822A1C6000968BA /* btnDivision09.PNG in Resources */,
				D2360D0A1822A1C6000968BA /* btnDivision09@2x.PNG in Resources */,
			);
			runOnlyForDeploymentPostprocessing = 0;
		};
/* End PBXResourcesBuildPhase section */

/* Begin PBXSourcesBuildPhase section */
		D26CF610176ACD04000F90F1 /* Sources */ = {
			isa = PBXSourcesBuildPhase;
			buildActionMask = 2147483647;
			files = (
				D26CF627176ACD04000F90F1 /* main.m in Sources */,
				D26CF62B176ACD04000F90F1 /* AppDelegate.m in Sources */,
				D26CF634176ACD04000F90F1 /* MyApp01.xcdatamodeld in Sources */,
				D26CF645176AE2E3000F90F1 /* SliderRootViewController.m in Sources */,
				D26CF648176AE337000F90F1 /* MainNavigationController.m in Sources */,
				D26CF64B176AE401000F90F1 /* MainViewController.m in Sources */,
				D26CF64E176AE42C000F90F1 /* LeftMenuViewController.m in Sources */,
				D26CF651176AE43F000F90F1 /* RightMenuViewController.m in Sources */,
				D26CF654176AEB08000F90F1 /* Constants.m in Sources */,
				D26CF65F176AF0B0000F90F1 /* CustomAnnotation.m in Sources */,
				D26DC134177997B400ACFB0B /* ARViewController.m in Sources */,
				D2315682177C662900AED1C4 /* DetailViewController.m in Sources */,
				D2315689177C680100AED1C4 /* ListTableViewController.m in Sources */,
				D2722376177C722F00908590 /* ListData.m in Sources */,
				D2722394177CA19E00908590 /* ListTable.m in Sources */,
				D2983D9317800E5C00DEB29E /* DetailData.m in Sources */,
				D2D50DFE17A588BF006B026C /* Tools.m in Sources */,
				D22AAE2A17C5B1CF0011A53C /* NSObject+SBJSON.m in Sources */,
				D22AAE2B17C5B1CF0011A53C /* NSString+SBJSON.m in Sources */,
				D22AAE2C17C5B1CF0011A53C /* SBJSON.m in Sources */,
				D22AAE2D17C5B1CF0011A53C /* SBJsonBase.m in Sources */,
				D22AAE2E17C5B1CF0011A53C /* SBJsonParser.m in Sources */,
				D22AAE2F17C5B1CF0011A53C /* SBJsonWriter.m in Sources */,
				D22AAE3517C5B5570011A53C /* HttpRequest.m in Sources */,
				D22AAE3917C5DE7D0011A53C /* WebServiceClient.m in Sources */,
				D2FCB7F117FC934A000A6058 /* MAINBPickerView.m in Sources */,
			);
			runOnlyForDeploymentPostprocessing = 0;
		};
/* End PBXSourcesBuildPhase section */

/* Begin PBXVariantGroup section */
		D26CF623176ACD04000F90F1 /* InfoPlist.strings */ = {
			isa = PBXVariantGroup;
			children = (
				D26CF624176ACD04000F90F1 /* en */,
			);
			name = InfoPlist.strings;
			sourceTree = "<group>";
		};
/* End PBXVariantGroup section */

/* Begin XCBuildConfiguration section */
		D26CF635176ACD04000F90F1 /* Debug */ = {
			isa = XCBuildConfiguration;
			buildSettings = {
				ALWAYS_SEARCH_USER_PATHS = NO;
				CLANG_CXX_LANGUAGE_STANDARD = "gnu++0x";
				CLANG_CXX_LIBRARY = "libc++";
				CLANG_WARN_EMPTY_BODY = YES;
				CLANG_WARN__DUPLICATE_METHOD_MATCH = YES;
				"CODE_SIGN_IDENTITY[sdk=iphoneos*]" = "iPhone Developer";
				COPY_PHASE_STRIP = NO;
				GCC_C_LANGUAGE_STANDARD = gnu99;
				GCC_DYNAMIC_NO_PIC = NO;
				GCC_OPTIMIZATION_LEVEL = 0;
				GCC_PREPROCESSOR_DEFINITIONS = (
					"DEBUG=1",
					"$(inherited)",
				);
				GCC_SYMBOLS_PRIVATE_EXTERN = NO;
				GCC_WARN_ABOUT_RETURN_TYPE = YES;
				GCC_WARN_UNINITIALIZED_AUTOS = YES;
				GCC_WARN_UNUSED_VARIABLE = YES;
				IPHONEOS_DEPLOYMENT_TARGET = 6.0;
				ONLY_ACTIVE_ARCH = YES;
				SDKROOT = iphoneos;
			};
			name = Debug;
		};
		D26CF636176ACD04000F90F1 /* Release */ = {
			isa = XCBuildConfiguration;
			buildSettings = {
				ALWAYS_SEARCH_USER_PATHS = NO;
				CLANG_CXX_LANGUAGE_STANDARD = "gnu++0x";
				CLANG_CXX_LIBRARY = "libc++";
				CLANG_WARN_EMPTY_BODY = YES;
				CLANG_WARN__DUPLICATE_METHOD_MATCH = YES;
				"CODE_SIGN_IDENTITY[sdk=iphoneos*]" = "iPhone Developer";
				COPY_PHASE_STRIP = YES;
				GCC_C_LANGUAGE_STANDARD = gnu99;
				GCC_WARN_ABOUT_RETURN_TYPE = YES;
				GCC_WARN_UNINITIALIZED_AUTOS = YES;
				GCC_WARN_UNUSED_VARIABLE = YES;
				IPHONEOS_DEPLOYMENT_TARGET = 6.0;
				OTHER_CFLAGS = "-DNS_BLOCK_ASSERTIONS=1";
				SDKROOT = iphoneos;
				VALIDATE_PRODUCT = YES;
			};
			name = Release;
		};
		D26CF638176ACD04000F90F1 /* Debug */ = {
			isa = XCBuildConfiguration;
			buildSettings = {
				CODE_SIGN_IDENTITY = "iPhone Developer: Hung-Che Chiu (27RN9F2PU6)";
				"CODE_SIGN_IDENTITY[sdk=iphoneos*]" = "iPhone Developer: Hung-Che Chiu (27RN9F2PU6)";
				GCC_PRECOMPILE_PREFIX_HEADER = YES;
				GCC_PREFIX_HEADER = "MyApp01/MyApp01-Prefix.pch";
				INFOPLIST_FILE = "MyApp01/MyApp01-Info.plist";
				PRODUCT_NAME = "$(TARGET_NAME)";
				PROVISIONING_PROFILE = "D2BC35E0-E874-4D9C-A421-3058E10110BE";
				"PROVISIONING_PROFILE[sdk=iphoneos*]" = "D2BC35E0-E874-4D9C-A421-3058E10110BE";
				WRAPPER_EXTENSION = app;
			};
			name = Debug;
		};
		D26CF639176ACD04000F90F1 /* Release */ = {
			isa = XCBuildConfiguration;
			buildSettings = {
				CODE_SIGN_IDENTITY = "iPhone Developer: Hung-Che Chiu (27RN9F2PU6)";
				"CODE_SIGN_IDENTITY[sdk=iphoneos*]" = "iPhone Developer: Hung-Che Chiu (27RN9F2PU6)";
				GCC_PRECOMPILE_PREFIX_HEADER = YES;
				GCC_PREFIX_HEADER = "MyApp01/MyApp01-Prefix.pch";
				INFOPLIST_FILE = "MyApp01/MyApp01-Info.plist";
				PRODUCT_NAME = "$(TARGET_NAME)";
				PROVISIONING_PROFILE = "D2BC35E0-E874-4D9C-A421-3058E10110BE";
				"PROVISIONING_PROFILE[sdk=iphoneos*]" = "D2BC35E0-E874-4D9C-A421-3058E10110BE";
				WRAPPER_EXTENSION = app;
			};
			name = Release;
		};
/* End XCBuildConfiguration section */

/* Begin XCConfigurationList section */
		D26CF60E176ACD04000F90F1 /* Build configuration list for PBXProject "MyApp01" */ = {
			isa = XCConfigurationList;
			buildConfigurations = (
				D26CF635176ACD04000F90F1 /* Debug */,
				D26CF636176ACD04000F90F1 /* Release */,
			);
			defaultConfigurationIsVisible = 0;
			defaultConfigurationName = Release;
		};
		D26CF637176ACD04000F90F1 /* Build configuration list for PBXNativeTarget "MyApp01" */ = {
			isa = XCConfigurationList;
			buildConfigurations = (
				D26CF638176ACD04000F90F1 /* Debug */,
				D26CF639176ACD04000F90F1 /* Release */,
			);
			defaultConfigurationIsVisible = 0;
			defaultConfigurationName = Release;
		};
/* End XCConfigurationList section */

/* Begin XCVersionGroup section */
		D26CF632176ACD04000F90F1 /* MyApp01.xcdatamodeld */ = {
			isa = XCVersionGroup;
			children = (
				D26CF633176ACD04000F90F1 /* MyApp01.xcdatamodel */,
			);
			currentVersion = D26CF633176ACD04000F90F1 /* MyApp01.xcdatamodel */;
			path = MyApp01.xcdatamodeld;
			sourceTree = "<group>";
			versionGroupType = wrapper.xcdatamodel;
		};
/* End XCVersionGroup section */
	};
	rootObject = D26CF60B176ACD04000F90F1 /* Project object */;
}
